version = 1
revision = 3
requires-python = ">=3.12"

[[package]]
name = "next-sekai"
version = "0.1.0"
source = { virtual = "." }
dependencies = [
    { name = "sonolus-py" },
]

[package.metadata]
requires-dist = [{ name = "sonolus-py", specifier = "~=0.8.0" }]

[[package]]
name = "sonolus-py"
version = "0.8.0"
source = { registry = "https://pypi.org/simple" }
sdist = { url = "https://files.pythonhosted.org/packages/0a/36/c96e53f9aa963725088d3986760569f5969aa747fa2a4d5e3e8dee5b17df/sonolus_py-0.8.0.tar.gz", hash = "sha256:23910d4647228e77d231b51502a9a2ab994ca7eb0ffe9b2b8ce8b65e6e1e7708", size = 2712947, upload-time = "2025-10-13T01:27:29.039Z" }
wheels = [
    { url = "https://files.pythonhosted.org/packages/95/47/f25a98b643ab71150650d2ca439256151129387714f52fdd16d54210ca91/sonolus_py-0.8.0-py3-none-any.whl", hash = "sha256:3025541e037f42dd85f957233b2e491ef2de6263bd3284cc094d37f0d9c0455e", size = 169105, upload-time = "2025-10-13T01:27:27.363Z" },
]
