version = 1
revision = 2
requires-python = ">=3.12"

[[package]]
name = "sekai"
version = "0.1.0"
source = { virtual = "." }
dependencies = [
    { name = "sonolus-py" },
]

[package.metadata]
requires-dist = [{ name = "sonolus-py", specifier = "~=0.6.2" }]

[[package]]
name = "sonolus-py"
version = "0.6.2"
source = { registry = "https://pypi.org/simple" }
sdist = { url = "https://files.pythonhosted.org/packages/e7/7b/2ff98db00f9d42ab7901dbee6c053c4d5fa41a6c04c56c5697227e53e71f/sonolus_py-0.6.2.tar.gz", hash = "sha256:9e58352ef3f544587a26420ce1970d8429c34bd116d4ef15103e2fe4512dd480", size = 2721093, upload-time = "2025-08-17T04:04:18.364Z" }
wheels = [
    { url = "https://files.pythonhosted.org/packages/00/43/940a18a5fc61f6771d31ee4d60de808f86746e0fcb3aab81054d6d0c1d50/sonolus_py-0.6.2-py3-none-any.whl", hash = "sha256:1475749ebfb578995aa708c20ffd9e7d9be5ddf64fc43443113c32d8a4945faf", size = 165469, upload-time = "2025-08-17T04:04:16.754Z" },
]
