version = 1
revision = 3
requires-python = ">=3.12"

[[package]]
name = "sekai"
version = "0.1.0"
source = { virtual = "." }
dependencies = [
    { name = "sonolus-py" },
]

[package.metadata]
requires-dist = [{ name = "sonolus-py", specifier = "~=0.6.1" }]

[[package]]
name = "sonolus-py"
version = "0.6.1"
source = { registry = "https://pypi.org/simple" }
sdist = { url = "https://files.pythonhosted.org/packages/00/04/501f364c9177daaa92019102b0d0bd5207c7cf04132aa1da6df27ee38f1c/sonolus_py-0.6.1.tar.gz", hash = "sha256:5eeeb1a2629994f864aaae13a4087cc5086b19e011fba6e8d4fba857ba11e44d", size = 2720955, upload-time = "2025-08-12T07:07:03.012Z" }
wheels = [
    { url = "https://files.pythonhosted.org/packages/b1/cf/582d7fbd9ae0f7e136b0a05f261d36ed4c243a0bcda75dcdc014af4e77df/sonolus_py-0.6.1-py3-none-any.whl", hash = "sha256:c6990b9de6e986dc9aba6bfb9408732f4923ba6f333db458096224cfc57fc87b", size = 165343, upload-time = "2025-08-12T07:07:01.332Z" },
]
